
Microsoft Visual Studio Solution File, Format Version 12.00
# Visual Studio Version 17
VisualStudioVersion = 17.5.002.0
MinimumVisualStudioVersion = 10.0.40219.1
Project("{9A19103F-16F7-4668-BE54-9A1E7A4F7556}") = "Atividade-herança", "Atividade-herança.csproj", "{3D2C9D2A-A08F-4AD2-9E10-31926A2ED5D0}"
EndProject
Global
	GlobalSection(SolutionConfigurationPlatforms) = preSolution
		Debug|Any CPU = Debug|Any CPU
		Release|Any CPU = Release|Any CPU
	EndGlobalSection
	GlobalSection(ProjectConfigurationPlatforms) = postSolution
		{3D2C9D2A-A08F-4AD2-9E10-31926A2ED5D0}.Debug|Any CPU.ActiveCfg = Debug|Any CPU
		{3D2C9D2A-A08F-4AD2-9E10-31926A2ED5D0}.Debug|Any CPU.Build.0 = Debug|Any CPU
		{3D2C9D2A-A08F-4AD2-9E10-31926A2ED5D0}.Release|Any CPU.ActiveCfg = Release|Any CPU
		{3D2C9D2A-A08F-4AD2-9E10-31926A2ED5D0}.Release|Any CPU.Build.0 = Release|Any CPU
	EndGlobalSection
	GlobalSection(SolutionProperties) = preSolution
		HideSolutionNode = FALSE
	EndGlobalSection
	GlobalSection(ExtensibilityGlobals) = postSolution
		SolutionGuid = {5AE70EDD-2425-4B09-B952-65B63D8A0CBC}
	EndGlobalSection
EndGlobal
